// !$*UTF8*$!
{
	archiveVersion = 1;
	classes = {
	};
	objectVersion = 50;
	objects = {

/* Begin PBXBuildFile section */
		4C834A87268A6EC000DA8AC3 /* V2binding.framework in Frameworks */ = {isa = PBXBuildFile; fileRef = 4C834A86268A6EC000DA8AC3 /* V2binding.framework */; };
		4C8BE08E26871CAB00A2182A /* TestingApp.swift in Sources */ = {isa = PBXBuildFile; fileRef = 4C8BE08D26871CAB00A2182A /* TestingApp.swift */; };
		4C8BE09026871CAB00A2182A /* ContentView.swift in Sources */ = {isa = PBXBuildFile; fileRef = 4C8BE08F26871CAB00A2182A /* ContentView.swift */; };
		4C8BE09226871CB000A2182A /* Assets.xcassets in Resources */ = {isa = PBXBuildFile; fileRef = 4C8BE09126871CB000A2182A /* Assets.xcassets */; };
		4C8BE09526871CB000A2182A /* Preview Assets.xcassets in Resources */ = {isa = PBXBuildFile; fileRef = 4C8BE09426871CB000A2182A /* Preview Assets.xcassets */; };
		4C8BE0A026871CB100A2182A /* TestingTests.swift in Sources */ = {isa = PBXBuildFile; fileRef = 4C8BE09F26871CB100A2182A /* TestingTests.swift */; };
		4C8BE0AB26871CB100A2182A /* TestingUITests.swift in Sources */ = {isa = PBXBuildFile; fileRef = 4C8BE0AA26871CB100A2182A /* TestingUITests.swift */; };
/* End PBXBuildFile section */

/* Begin PBXContainerItemProxy section */
		4C8BE09C26871CB100A2182A /* PBXContainerItemProxy */ = {
			isa = PBXContainerItemProxy;
			containerPortal = 4C8BE08226871CAB00A2182A /* Project object */;
			proxyType = 1;
			remoteGlobalIDString = 4C8BE08926871CAB00A2182A;
			remoteInfo = Testing;
		};
		4C8BE0A726871CB100A2182A /* PBXContainerItemProxy */ = {
			isa = PBXContainerItemProxy;
			containerPortal = 4C8BE08226871CAB00A2182A /* Project object */;
			proxyType = 1;
			remoteGlobalIDString = 4C8BE08926871CAB00A2182A;
			remoteInfo = Testing;
		};
/* End PBXContainerItemProxy section */

/* Begin PBXFileReference section */
		4C834A86268A6EC000DA8AC3 /* V2binding.framework */ = {isa = PBXFileReference; lastKnownFileType = wrapper.framework; name = V2binding.framework; path = "v2ray-core/main/v2binding/V2binding.framework"; sourceTree = "<group>"; };
		4C8BE08A26871CAB00A2182A /* Testing.app */ = {isa = PBXFileReference; explicitFileType = wrapper.application; includeInIndex = 0; path = Testing.app; sourceTree = BUILT_PRODUCTS_DIR; };
		4C8BE08D26871CAB00A2182A /* TestingApp.swift */ = {isa = PBXFileReference; lastKnownFileType = sourcecode.swift; path = TestingApp.swift; sourceTree = "<group>"; };
		4C8BE08F26871CAB00A2182A /* ContentView.swift */ = {isa = PBXFileReference; lastKnownFileType = sourcecode.swift; path = ContentView.swift; sourceTree = "<group>"; };
		4C8BE09126871CB000A2182A /* Assets.xcassets */ = {isa = PBXFileReference; lastKnownFileType = folder.assetcatalog; path = Assets.xcassets; sourceTree = "<group>"; };
		4C8BE09426871CB000A2182A /* Preview Assets.xcassets */ = {isa = PBXFileReference; lastKnownFileType = folder.assetcatalog; path = "Preview Assets.xcassets"; sourceTree = "<group>"; };
		4C8BE09626871CB000A2182A /* Info.plist */ = {isa = PBXFileReference; lastKnownFileType = text.plist.xml; path = Info.plist; sourceTree = "<group>"; };
		4C8BE09B26871CB100A2182A /* TestingTests.xctest */ = {isa = PBXFileReference; explicitFileType = wrapper.cfbundle; includeInIndex = 0; path = TestingTests.xctest; sourceTree = BUILT_PRODUCTS_DIR; };
		4C8BE09F26871CB100A2182A /* TestingTests.swift */ = {isa = PBXFileReference; lastKnownFileType = sourcecode.swift; path = TestingTests.swift; sourceTree = "<group>"; };
		4C8BE0A126871CB100A2182A /* Info.plist */ = {isa = PBXFileReference; lastKnownFileType = text.plist.xml; path = Info.plist; sourceTree = "<group>"; };
		4C8BE0A626871CB100A2182A /* TestingUITests.xctest */ = {isa = PBXFileReference; explicitFileType = wrapper.cfbundle; includeInIndex = 0; path = TestingUITests.xctest; sourceTree = BUILT_PRODUCTS_DIR; };
		4C8BE0AA26871CB100A2182A /* TestingUITests.swift */ = {isa = PBXFileReference; lastKnownFileType = sourcecode.swift; path = TestingUITests.swift; sourceTree = "<group>"; };
		4C8BE0AC26871CB100A2182A /* Info.plist */ = {isa = PBXFileReference; lastKnownFileType = text.plist.xml; path = Info.plist; sourceTree = "<group>"; };
		4CD198F92688C71B00BA1329 /* AwesomeProject.framework */ = {isa = PBXFileReference; lastKnownFileType = wrapper.framework; name = AwesomeProject.framework; path = awesomeProject/AwesomeProject.framework; sourceTree = SOURCE_ROOT; };
/* End PBXFileReference section */

/* Begin PBXFrameworksBuildPhase section */
		4C8BE08726871CAB00A2182A /* Frameworks */ = {
			isa = PBXFrameworksBuildPhase;
			buildActionMask = 2147483647;
			files = (
				4C834A87268A6EC000DA8AC3 /* V2binding.framework in Frameworks */,
			);
			runOnlyForDeploymentPostprocessing = 0;
		};
		4C8BE09826871CB100A2182A /* Frameworks */ = {
			isa = PBXFrameworksBuildPhase;
			buildActionMask = 2147483647;
			files = (
			);
			runOnlyForDeploymentPostprocessing = 0;
		};
		4C8BE0A326871CB100A2182A /* Frameworks */ = {
			isa = PBXFrameworksBuildPhase;
			buildActionMask = 2147483647;
			files = (
			);
			runOnlyForDeploymentPostprocessing = 0;
		};
/* End PBXFrameworksBuildPhase section */

/* Begin PBXGroup section */
		4C8BE08126871CAB00A2182A = {
			isa = PBXGroup;
			children = (
				4C834A86268A6EC000DA8AC3 /* V2binding.framework */,
				4C8BE08C26871CAB00A2182A /* Testing */,
				4C8BE09E26871CB100A2182A /* TestingTests */,
				4C8BE0A926871CB100A2182A /* TestingUITests */,
				4C8BE08B26871CAB00A2182A /* Products */,
			);
			sourceTree = "<group>";
		};
		4C8BE08B26871CAB00A2182A /* Products */ = {
			isa = PBXGroup;
			children = (
				4C8BE08A26871CAB00A2182A /* Testing.app */,
				4C8BE09B26871CB100A2182A /* TestingTests.xctest */,
				4C8BE0A626871CB100A2182A /* TestingUITests.xctest */,
			);
			name = Products;
			sourceTree = "<group>";
		};
		4C8BE08C26871CAB00A2182A /* Testing */ = {
			isa = PBXGroup;
			children = (
				4C8BE08D26871CAB00A2182A /* TestingApp.swift */,
				4C8BE08F26871CAB00A2182A /* ContentView.swift */,
				4C8BE09126871CB000A2182A /* Assets.xcassets */,
				4C8BE09626871CB000A2182A /* Info.plist */,
				4C8BE09326871CB000A2182A /* Preview Content */,
			);
			path = Testing;
			sourceTree = "<group>";
		};
		4C8BE09326871CB000A2182A /* Preview Content */ = {
			isa = PBXGroup;
			children = (
				4C8BE09426871CB000A2182A /* Preview Assets.xcassets */,
			);
			path = "Preview Content";
			sourceTree = "<group>";
		};
		4C8BE09E26871CB100A2182A /* TestingTests */ = {
			isa = PBXGroup;
			children = (
				4CD198F92688C71B00BA1329 /* AwesomeProject.framework */,
				4C8BE09F26871CB100A2182A /* TestingTests.swift */,
				4C8BE0A126871CB100A2182A /* Info.plist */,
			);
			path = TestingTests;
			sourceTree = "<group>";
		};
		4C8BE0A926871CB100A2182A /* TestingUITests */ = {
			isa = PBXGroup;
			children = (
				4C8BE0AA26871CB100A2182A /* TestingUITests.swift */,
				4C8BE0AC26871CB100A2182A /* Info.plist */,
			);
			path = TestingUITests;
			sourceTree = "<group>";
		};
/* End PBXGroup section */

/* Begin PBXNativeTarget section */
		4C8BE08926871CAB00A2182A /* Testing */ = {
			isa = PBXNativeTarget;
			buildConfigurationList = 4C8BE0AF26871CB100A2182A /* Build configuration list for PBXNativeTarget "Testing" */;
			buildPhases = (
				4C8BE08626871CAB00A2182A /* Sources */,
				4C8BE08726871CAB00A2182A /* Frameworks */,
				4C8BE08826871CAB00A2182A /* Resources */,
			);
			buildRules = (
			);
			dependencies = (
			);
			name = Testing;
			productName = Testing;
			productReference = 4C8BE08A26871CAB00A2182A /* Testing.app */;
			productType = "com.apple.product-type.application";
		};
		4C8BE09A26871CB100A2182A /* TestingTests */ = {
			isa = PBXNativeTarget;
			buildConfigurationList = 4C8BE0B226871CB100A2182A /* Build configuration list for PBXNativeTarget "TestingTests" */;
			buildPhases = (
				4C8BE09726871CB100A2182A /* Sources */,
				4C8BE09826871CB100A2182A /* Frameworks */,
				4C8BE09926871CB100A2182A /* Resources */,
			);
			buildRules = (
			);
			dependencies = (
				4C8BE09D26871CB100A2182A /* PBXTargetDependency */,
			);
			name = TestingTests;
			productName = TestingTests;
			productReference = 4C8BE09B26871CB100A2182A /* TestingTests.xctest */;
			productType = "com.apple.product-type.bundle.unit-test";
		};
		4C8BE0A526871CB100A2182A /* TestingUITests */ = {
			isa = PBXNativeTarget;
			buildConfigurationList = 4C8BE0B526871CB100A2182A /* Build configuration list for PBXNativeTarget "TestingUITests" */;
			buildPhases = (
				4C8BE0A226871CB100A2182A /* Sources */,
				4C8BE0A326871CB100A2182A /* Frameworks */,
				4C8BE0A426871CB100A2182A /* Resources */,
			);
			buildRules = (
			);
			dependencies = (
				4C8BE0A826871CB100A2182A /* PBXTargetDependency */,
			);
			name = TestingUITests;
			productName = TestingUITests;
			productReference = 4C8BE0A626871CB100A2182A /* TestingUITests.xctest */;
			productType = "com.apple.product-type.bundle.ui-testing";
		};
/* End PBXNativeTarget section */

/* Begin PBXProject section */
		4C8BE08226871CAB00A2182A /* Project object */ = {
			isa = PBXProject;
			attributes = {
				LastSwiftUpdateCheck = 1250;
				LastUpgradeCheck = 1250;
				TargetAttributes = {
					4C8BE08926871CAB00A2182A = {
						CreatedOnToolsVersion = 12.5.1;
					};
					4C8BE09A26871CB100A2182A = {
						CreatedOnToolsVersion = 12.5.1;
						TestTargetID = 4C8BE08926871CAB00A2182A;
					};
					4C8BE0A526871CB100A2182A = {
						CreatedOnToolsVersion = 12.5.1;
						TestTargetID = 4C8BE08926871CAB00A2182A;
					};
				};
			};
			buildConfigurationList = 4C8BE08526871CAB00A2182A /* Build configuration list for PBXProject "Testing" */;
			compatibilityVersion = "Xcode 9.3";
			developmentRegion = en;
			hasScannedForEncodings = 0;
			knownRegions = (
				en,
				Base,
			);
			mainGroup = 4C8BE08126871CAB00A2182A;
			productRefGroup = 4C8BE08B26871CAB00A2182A /* Products */;
			projectDirPath = "";
			projectRoot = "";
			targets = (
				4C8BE08926871CAB00A2182A /* Testing */,
				4C8BE09A26871CB100A2182A /* TestingTests */,
				4C8BE0A526871CB100A2182A /* TestingUITests */,
			);
		};
/* End PBXProject section */

/* Begin PBXResourcesBuildPhase section */
		4C8BE08826871CAB00A2182A /* Resources */ = {
			isa = PBXResourcesBuildPhase;
			buildActionMask = 2147483647;
			files = (
				4C8BE09526871CB000A2182A /* Preview Assets.xcassets in Resources */,
				4C8BE09226871CB000A2182A /* Assets.xcassets in Resources */,
			);
			runOnlyForDeploymentPostprocessing = 0;
		};
		4C8BE09926871CB100A2182A /* Resources */ = {
			isa = PBXResourcesBuildPhase;
			buildActionMask = 2147483647;
			files = (
			);
			runOnlyForDeploymentPostprocessing = 0;
		};
		4C8BE0A426871CB100A2182A /* Resources */ = {
			isa = PBXResourcesBuildPhase;
			buildActionMask = 2147483647;
			files = (
			);
			runOnlyForDeploymentPostprocessing = 0;
		};
/* End PBXResourcesBuildPhase section */

/* Begin PBXSourcesBuildPhase section */
		4C8BE08626871CAB00A2182A /* Sources */ = {
			isa = PBXSourcesBuildPhase;
			buildActionMask = 2147483647;
			files = (
				4C8BE09026871CAB00A2182A /* ContentView.swift in Sources */,
				4C8BE08E26871CAB00A2182A /* TestingApp.swift in Sources */,
			);
			runOnlyForDeploymentPostprocessing = 0;
		};
		4C8BE09726871CB100A2182A /* Sources */ = {
			isa = PBXSourcesBuildPhase;
			buildActionMask = 2147483647;
			files = (
				4C8BE0A026871CB100A2182A /* TestingTests.swift in Sources */,
			);
			runOnlyForDeploymentPostprocessing = 0;
		};
		4C8BE0A226871CB100A2182A /* Sources */ = {
			isa = PBXSourcesBuildPhase;
			buildActionMask = 2147483647;
			files = (
				4C8BE0AB26871CB100A2182A /* TestingUITests.swift in Sources */,
			);
			runOnlyForDeploymentPostprocessing = 0;
		};
/* End PBXSourcesBuildPhase section */

/* Begin PBXTargetDependency section */
		4C8BE09D26871CB100A2182A /* PBXTargetDependency */ = {
			isa = PBXTargetDependency;
			target = 4C8BE08926871CAB00A2182A /* Testing */;
			targetProxy = 4C8BE09C26871CB100A2182A /* PBXContainerItemProxy */;
		};
		4C8BE0A826871CB100A2182A /* PBXTargetDependency */ = {
			isa = PBXTargetDependency;
			target = 4C8BE08926871CAB00A2182A /* Testing */;
			targetProxy = 4C8BE0A726871CB100A2182A /* PBXContainerItemProxy */;
		};
/* End PBXTargetDependency section */

/* Begin XCBuildConfiguration section */
		4C8BE0AD26871CB100A2182A /* Debug */ = {
			isa = XCBuildConfiguration;
			buildSettings = {
				ALWAYS_SEARCH_USER_PATHS = NO;
				CLANG_ANALYZER_NONNULL = YES;
				CLANG_ANALYZER_NUMBER_OBJECT_CONVERSION = YES_AGGRESSIVE;
				CLANG_CXX_LANGUAGE_STANDARD = "gnu++14";
				CLANG_CXX_LIBRARY = "libc++";
				CLANG_ENABLE_MODULES = YES;
				CLANG_ENABLE_OBJC_ARC = YES;
				CLANG_ENABLE_OBJC_WEAK = YES;
				CLANG_WARN_BLOCK_CAPTURE_AUTORELEASING = YES;
				CLANG_WARN_BOOL_CONVERSION = YES;
				CLANG_WARN_COMMA = YES;
				CLANG_WARN_CONSTANT_CONVERSION = YES;
				CLANG_WARN_DEPRECATED_OBJC_IMPLEMENTATIONS = YES;
				CLANG_WARN_DIRECT_OBJC_ISA_USAGE = YES_ERROR;
				CLANG_WARN_DOCUMENTATION_COMMENTS = YES;
				CLANG_WARN_EMPTY_BODY = YES;
				CLANG_WARN_ENUM_CONVERSION = YES;
				CLANG_WARN_INFINITE_RECURSION = YES;
				CLANG_WARN_INT_CONVERSION = YES;
				CLANG_WARN_NON_LITERAL_NULL_CONVERSION = YES;
				CLANG_WARN_OBJC_IMPLICIT_RETAIN_SELF = YES;
				CLANG_WARN_OBJC_LITERAL_CONVERSION = YES;
				CLANG_WARN_OBJC_ROOT_CLASS = YES_ERROR;
				CLANG_WARN_QUOTED_INCLUDE_IN_FRAMEWORK_HEADER = YES;
				CLANG_WARN_RANGE_LOOP_ANALYSIS = YES;
				CLANG_WARN_STRICT_PROTOTYPES = YES;
				CLANG_WARN_SUSPICIOUS_MOVE = YES;
				CLANG_WARN_UNGUARDED_AVAILABILITY = YES_AGGRESSIVE;
				CLANG_WARN_UNREACHABLE_CODE = YES;
				CLANG_WARN__DUPLICATE_METHOD_MATCH = YES;
				CODE_SIGN_IDENTITY = "";
				CODE_SIGN_INJECT_BASE_ENTITLEMENTS = NO;
				COPY_PHASE_STRIP = NO;
				DEBUG_INFORMATION_FORMAT = dwarf;
				ENABLE_STRICT_OBJC_MSGSEND = YES;
				ENABLE_TESTABILITY = YES;
				GCC_C_LANGUAGE_STANDARD = gnu11;
				GCC_DYNAMIC_NO_PIC = NO;
				GCC_NO_COMMON_BLOCKS = YES;
				GCC_OPTIMIZATION_LEVEL = 0;
				GCC_PREPROCESSOR_DEFINITIONS = (
					"DEBUG=1",
					"$(inherited)",
				);
				GCC_WARN_64_TO_32_BIT_CONVERSION = YES;
				GCC_WARN_ABOUT_RETURN_TYPE = YES_ERROR;
				GCC_WARN_UNDECLARED_SELECTOR = YES;
				GCC_WARN_UNINITIALIZED_AUTOS = YES_AGGRESSIVE;
				GCC_WARN_UNUSED_FUNCTION = YES;
				GCC_WARN_UNUSED_VARIABLE = YES;
				IPHONEOS_DEPLOYMENT_TARGET = 14.5;
				MTL_ENABLE_DEBUG_INFO = INCLUDE_SOURCE;
				MTL_FAST_MATH = YES;
				ONLY_ACTIVE_ARCH = YES;
				SDKROOT = iphoneos;
				SWIFT_ACTIVE_COMPILATION_CONDITIONS = DEBUG;
				SWIFT_OPTIMIZATION_LEVEL = "-Onone";
			};
			name = Debug;
		};
		4C8BE0AE26871CB100A2182A /* Release */ = {
			isa = XCBuildConfiguration;
			buildSettings = {
				ALWAYS_SEARCH_USER_PATHS = NO;
				CLANG_ANALYZER_NONNULL = YES;
				CLANG_ANALYZER_NUMBER_OBJECT_CONVERSION = YES_AGGRESSIVE;
				CLANG_CXX_LANGUAGE_STANDARD = "gnu++14";
				CLANG_CXX_LIBRARY = "libc++";
				CLANG_ENABLE_MODULES = YES;
				CLANG_ENABLE_OBJC_ARC = YES;
				CLANG_ENABLE_OBJC_WEAK = YES;
				CLANG_WARN_BLOCK_CAPTURE_AUTORELEASING = YES;
				CLANG_WARN_BOOL_CONVERSION = YES;
				CLANG_WARN_COMMA = YES;
				CLANG_WARN_CONSTANT_CONVERSION = YES;
				CLANG_WARN_DEPRECATED_OBJC_IMPLEMENTATIONS = YES;
				CLANG_WARN_DIRECT_OBJC_ISA_USAGE = YES_ERROR;
				CLANG_WARN_DOCUMENTATION_COMMENTS = YES;
				CLANG_WARN_EMPTY_BODY = YES;
				CLANG_WARN_ENUM_CONVERSION = YES;
				CLANG_WARN_INFINITE_RECURSION = YES;
				CLANG_WARN_INT_CONVERSION = YES;
				CLANG_WARN_NON_LITERAL_NULL_CONVERSION = YES;
				CLANG_WARN_OBJC_IMPLICIT_RETAIN_SELF = YES;
				CLANG_WARN_OBJC_LITERAL_CONVERSION = YES;
				CLANG_WARN_OBJC_ROOT_CLASS = YES_ERROR;
				CLANG_WARN_QUOTED_INCLUDE_IN_FRAMEWORK_HEADER = YES;
				CLANG_WARN_RANGE_LOOP_ANALYSIS = YES;
				CLANG_WARN_STRICT_PROTOTYPES = YES;
				CLANG_WARN_SUSPICIOUS_MOVE = YES;
				CLANG_WARN_UNGUARDED_AVAILABILITY = YES_AGGRESSIVE;
				CLANG_WARN_UNREACHABLE_CODE = YES;
				CLANG_WARN__DUPLICATE_METHOD_MATCH = YES;
				CODE_SIGN_IDENTITY = "";
				CODE_SIGN_INJECT_BASE_ENTITLEMENTS = NO;
				COPY_PHASE_STRIP = NO;
				DEBUG_INFORMATION_FORMAT = "dwarf-with-dsym";
				ENABLE_NS_ASSERTIONS = NO;
				ENABLE_STRICT_OBJC_MSGSEND = YES;
				GCC_C_LANGUAGE_STANDARD = gnu11;
				GCC_NO_COMMON_BLOCKS = YES;
				GCC_WARN_64_TO_32_BIT_CONVERSION = YES;
				GCC_WARN_ABOUT_RETURN_TYPE = YES_ERROR;
				GCC_WARN_UNDECLARED_SELECTOR = YES;
				GCC_WARN_UNINITIALIZED_AUTOS = YES_AGGRESSIVE;
				GCC_WARN_UNUSED_FUNCTION = YES;
				GCC_WARN_UNUSED_VARIABLE = YES;
				IPHONEOS_DEPLOYMENT_TARGET = 14.5;
				MTL_ENABLE_DEBUG_INFO = NO;
				MTL_FAST_MATH = YES;
				SDKROOT = iphoneos;
				SWIFT_COMPILATION_MODE = wholemodule;
				SWIFT_OPTIMIZATION_LEVEL = "-O";
				VALIDATE_PRODUCT = YES;
			};
			name = Release;
		};
		4C8BE0B026871CB100A2182A /* Debug */ = {
			isa = XCBuildConfiguration;
			buildSettings = {
				ASSETCATALOG_COMPILER_APPICON_NAME = AppIcon;
				ASSETCATALOG_COMPILER_GLOBAL_ACCENT_COLOR_NAME = AccentColor;
				CODE_SIGN_IDENTITY = "";
				CODE_SIGN_INJECT_BASE_ENTITLEMENTS = NO;
				CODE_SIGN_STYLE = Manual;
				DEVELOPMENT_ASSET_PATHS = "\"Testing/Preview Content\"";
				DEVELOPMENT_TEAM = "";
				ENABLE_PREVIEWS = YES;
				FRAMEWORK_SEARCH_PATHS = (
					"$(inherited)",
					"$(PROJECT_DIR)/awesomeProject",
					"$(PROJECT_DIR)/v2ray-core/main/v2binding",
				);
				INFOPLIST_FILE = Testing/Info.plist;
				IPHONEOS_DEPLOYMENT_TARGET = 14.0;
				LD_RUNPATH_SEARCH_PATHS = (
					"$(inherited)",
					"@executable_path/Frameworks",
				);
				PRODUCT_BUNDLE_IDENTIFIER = com.test.Testing;
				PRODUCT_NAME = "$(TARGET_NAME)";
				PROVISIONING_PROFILE_SPECIFIER = "";
				SWIFT_VERSION = 5.0;
				TARGETED_DEVICE_FAMILY = "1,2";
			};
			name = Debug;
		};
		4C8BE0B126871CB100A2182A /* Release */ = {
			isa = XCBuildConfiguration;
			buildSettings = {
				ASSETCATALOG_COMPILER_APPICON_NAME = AppIcon;
				ASSETCATALOG_COMPILER_GLOBAL_ACCENT_COLOR_NAME = AccentColor;
				CODE_SIGN_IDENTITY = "";
				CODE_SIGN_INJECT_BASE_ENTITLEMENTS = NO;
				CODE_SIGN_STYLE = Manual;
				DEVELOPMENT_ASSET_PATHS = "\"Testing/Preview Content\"";
				DEVELOPMENT_TEAM = "";
				ENABLE_PREVIEWS = YES;
				FRAMEWORK_SEARCH_PATHS = (
					"$(inherited)",
					"$(PROJECT_DIR)/awesomeProject",
					"$(PROJECT_DIR)/v2ray-core/main/v2binding",
				);
				INFOPLIST_FILE = Testing/Info.plist;
				IPHONEOS_DEPLOYMENT_TARGET = 14.0;
				LD_RUNPATH_SEARCH_PATHS = (
					"$(inherited)",
					"@executable_path/Frameworks",
				);
				PRODUCT_BUNDLE_IDENTIFIER = com.test.Testing;
				PRODUCT_NAME = "$(TARGET_NAME)";
				PROVISIONING_PROFILE_SPECIFIER = "";
				SWIFT_VERSION = 5.0;
				TARGETED_DEVICE_FAMILY = "1,2";
			};
			name = Release;
		};
		4C8BE0B326871CB100A2182A /* Debug */ = {
			isa = XCBuildConfiguration;
			buildSettings = {
				ALWAYS_EMBED_SWIFT_STANDARD_LIBRARIES = YES;
				BUNDLE_LOADER = "$(TEST_HOST)";
				CODE_SIGN_IDENTITY = "";
				CODE_SIGN_INJECT_BASE_ENTITLEMENTS = NO;
				CODE_SIGN_STYLE = Automatic;
				INFOPLIST_FILE = TestingTests/Info.plist;
				IPHONEOS_DEPLOYMENT_TARGET = 14.0;
				LD_RUNPATH_SEARCH_PATHS = (
					"$(inherited)",
					"@executable_path/Frameworks",
					"@loader_path/Frameworks",
				);
				PRODUCT_BUNDLE_IDENTIFIER = com.test.TestingTests;
				PRODUCT_NAME = "$(TARGET_NAME)";
				SWIFT_VERSION = 5.0;
				TARGETED_DEVICE_FAMILY = "1,2";
				TEST_HOST = "$(BUILT_PRODUCTS_DIR)/Testing.app/Testing";
			};
			name = Debug;
		};
		4C8BE0B426871CB100A2182A /* Release */ = {
			isa = XCBuildConfiguration;
			buildSettings = {
				ALWAYS_EMBED_SWIFT_STANDARD_LIBRARIES = YES;
				BUNDLE_LOADER = "$(TEST_HOST)";
				CODE_SIGN_IDENTITY = "";
				CODE_SIGN_INJECT_BASE_ENTITLEMENTS = NO;
				CODE_SIGN_STYLE = Automatic;
				INFOPLIST_FILE = TestingTests/Info.plist;
				IPHONEOS_DEPLOYMENT_TARGET = 14.0;
				LD_RUNPATH_SEARCH_PATHS = (
					"$(inherited)",
					"@executable_path/Frameworks",
					"@loader_path/Frameworks",
				);
				PRODUCT_BUNDLE_IDENTIFIER = com.test.TestingTests;
				PRODUCT_NAME = "$(TARGET_NAME)";
				SWIFT_VERSION = 5.0;
				TARGETED_DEVICE_FAMILY = "1,2";
				TEST_HOST = "$(BUILT_PRODUCTS_DIR)/Testing.app/Testing";
			};
			name = Release;
		};
		4C8BE0B626871CB100A2182A /* Debug */ = {
			isa = XCBuildConfiguration;
			buildSettings = {
				ALWAYS_EMBED_SWIFT_STANDARD_LIBRARIES = YES;
				CODE_SIGN_IDENTITY = "";
				CODE_SIGN_INJECT_BASE_ENTITLEMENTS = NO;
				CODE_SIGN_STYLE = Manual;
				DEVELOPMENT_TEAM = "";
				INFOPLIST_FILE = TestingUITests/Info.plist;
				LD_RUNPATH_SEARCH_PATHS = (
					"$(inherited)",
					"@executable_path/Frameworks",
					"@loader_path/Frameworks",
				);
				PRODUCT_BUNDLE_IDENTIFIER = com.test.TestingUITests;
				PRODUCT_NAME = "$(TARGET_NAME)";
				PROVISIONING_PROFILE_SPECIFIER = "";
				"PROVISIONING_PROFILE_SPECIFIER[sdk=macosx*]" = "";
				SWIFT_VERSION = 5.0;
				TARGETED_DEVICE_FAMILY = "1,2";
				TEST_TARGET_NAME = Testing;
			};
			name = Debug;
		};
		4C8BE0B726871CB100A2182A /* Release */ = {
			isa = XCBuildConfiguration;
			buildSettings = {
				ALWAYS_EMBED_SWIFT_STANDARD_LIBRARIES = YES;
				CODE_SIGN_IDENTITY = "";
				CODE_SIGN_INJECT_BASE_ENTITLEMENTS = NO;
				CODE_SIGN_STYLE = Manual;
				DEVELOPMENT_TEAM = "";
				INFOPLIST_FILE = TestingUITests/Info.plist;
				LD_RUNPATH_SEARCH_PATHS = (
					"$(inherited)",
					"@executable_path/Frameworks",
					"@loader_path/Frameworks",
				);
				PRODUCT_BUNDLE_IDENTIFIER = com.test.TestingUITests;
				PRODUCT_NAME = "$(TARGET_NAME)";
				PROVISIONING_PROFILE_SPECIFIER = "";
				"PROVISIONING_PROFILE_SPECIFIER[sdk=macosx*]" = "";
				SWIFT_VERSION = 5.0;
				TARGETED_DEVICE_FAMILY = "1,2";
				TEST_TARGET_NAME = Testing;
			};
			name = Release;
		};
/* End XCBuildConfiguration section */

/* Begin XCConfigurationList section */
		4C8BE08526871CAB00A2182A /* Build configuration list for PBXProject "Testing" */ = {
			isa = XCConfigurationList;
			buildConfigurations = (
				4C8BE0AD26871CB100A2182A /* Debug */,
				4C8BE0AE26871CB100A2182A /* Release */,
			);
			defaultConfigurationIsVisible = 0;
			defaultConfigurationName = Release;
		};
		4C8BE0AF26871CB100A2182A /* Build configuration list for PBXNativeTarget "Testing" */ = {
			isa = XCConfigurationList;
			buildConfigurations = (
				4C8BE0B026871CB100A2182A /* Debug */,
				4C8BE0B126871CB100A2182A /* Release */,
			);
			defaultConfigurationIsVisible = 0;
			defaultConfigurationName = Release;
		};
		4C8BE0B226871CB100A2182A /* Build configuration list for PBXNativeTarget "TestingTests" */ = {
			isa = XCConfigurationList;
			buildConfigurations = (
				4C8BE0B326871CB100A2182A /* Debug */,
				4C8BE0B426871CB100A2182A /* Release */,
			);
			defaultConfigurationIsVisible = 0;
			defaultConfigurationName = Release;
		};
		4C8BE0B526871CB100A2182A /* Build configuration list for PBXNativeTarget "TestingUITests" */ = {
			isa = XCConfigurationList;
			buildConfigurations = (
				4C8BE0B626871CB100A2182A /* Debug */,
				4C8BE0B726871CB100A2182A /* Release */,
			);
			defaultConfigurationIsVisible = 0;
			defaultConfigurationName = Release;
		};
/* End XCConfigurationList section */
	};
	rootObject = 4C8BE08226871CAB00A2182A /* Project object */;
}
